
Microsoft Visual Studio Solution File, Format Version 12.00
Project("{2150E333-8FDC-42A3-9474-1A3956D46DE8}") = "src", "src", "{C2C754E0-6A2D-4863-A035-1A6B73BF805A}"
EndProject
Project("{2150E333-8FDC-42A3-9474-1A3956D46DE8}") = "common", "common", "{E7C44170-FE65-4123-8488-6AC2C3A5204A}"
ProjectSection(SolutionItems) = preProject
	README.md = README.md
	.gitignore = .gitignore
	dockerfile = dockerfile
	.dockerignore = .dockerignore
EndProjectSection
EndProject
Project("{2150E333-8FDC-42A3-9474-1A3956D46DE8}") = "tests", "tests", "{DB9F8A7E-B7C1-4608-92EE-9842E9B058EE}"
EndProject
Project("{FAE04EC0-301F-11D3-BF4B-00C04F79EFBC}") = "OzonEdu.MerchandiseService", "src\OzonEdu.MerchandiseService\OzonEdu.MerchandiseService.csproj", "{A71BF131-1A49-4526-8E5C-6A6342823483}"
EndProject
Project("{2150E333-8FDC-42A3-9474-1A3956D46DE8}") = "deploy", "deploy", "{F55E1574-E9E8-4513-BA23-4B02A3BD743D}"
ProjectSection(SolutionItems) = preProject
	docker-compose.yml = docker-compose.yml
EndProjectSection
EndProject
Project("{FAE04EC0-301F-11D3-BF4B-00C04F79EFBC}") = "OzonEdu.MerchandiseService.HttpModels", "src\OzonEdu.MerchandiseService.HttpModels\OzonEdu.MerchandiseService.HttpModels.csproj", "{A25E7A39-1FC2-461F-B8A4-6B6345BBE65F}"
EndProject
Project("{FAE04EC0-301F-11D3-BF4B-00C04F79EFBC}") = "OzonEdu.MerchandiseService.HttpClient", "src\OzonEdu.MerchandiseService.HttpClient\OzonEdu.MerchandiseService.HttpClient.csproj", "{F43328D4-DC84-487F-A093-61064AB3BEC1}"
EndProject
Project("{FAE04EC0-301F-11D3-BF4B-00C04F79EFBC}") = "OzonEdu.MerchandiseService.Grpc", "src\OzonEdu.MerchandiseService.Grpc\OzonEdu.MerchandiseService.Grpc.csproj", "{06273861-28EF-4575-B189-8CAE46636149}"
EndProject
Global
	GlobalSection(SolutionConfigurationPlatforms) = preSolution
		Debug|Any CPU = Debug|Any CPU
		Release|Any CPU = Release|Any CPU
	EndGlobalSection
	GlobalSection(NestedProjects) = preSolution
		{A71BF131-1A49-4526-8E5C-6A6342823483} = {C2C754E0-6A2D-4863-A035-1A6B73BF805A}
		{A25E7A39-1FC2-461F-B8A4-6B6345BBE65F} = {C2C754E0-6A2D-4863-A035-1A6B73BF805A}
		{F43328D4-DC84-487F-A093-61064AB3BEC1} = {C2C754E0-6A2D-4863-A035-1A6B73BF805A}
		{06273861-28EF-4575-B189-8CAE46636149} = {C2C754E0-6A2D-4863-A035-1A6B73BF805A}
	EndGlobalSection
	GlobalSection(ProjectConfigurationPlatforms) = postSolution
		{A71BF131-1A49-4526-8E5C-6A6342823483}.Debug|Any CPU.ActiveCfg = Debug|Any CPU
		{A71BF131-1A49-4526-8E5C-6A6342823483}.Debug|Any CPU.Build.0 = Debug|Any CPU
		{A71BF131-1A49-4526-8E5C-6A6342823483}.Release|Any CPU.ActiveCfg = Release|Any CPU
		{A71BF131-1A49-4526-8E5C-6A6342823483}.Release|Any CPU.Build.0 = Release|Any CPU
		{A25E7A39-1FC2-461F-B8A4-6B6345BBE65F}.Debug|Any CPU.ActiveCfg = Debug|Any CPU
		{A25E7A39-1FC2-461F-B8A4-6B6345BBE65F}.Debug|Any CPU.Build.0 = Debug|Any CPU
		{A25E7A39-1FC2-461F-B8A4-6B6345BBE65F}.Release|Any CPU.ActiveCfg = Release|Any CPU
		{A25E7A39-1FC2-461F-B8A4-6B6345BBE65F}.Release|Any CPU.Build.0 = Release|Any CPU
		{F43328D4-DC84-487F-A093-61064AB3BEC1}.Debug|Any CPU.ActiveCfg = Debug|Any CPU
		{F43328D4-DC84-487F-A093-61064AB3BEC1}.Debug|Any CPU.Build.0 = Debug|Any CPU
		{F43328D4-DC84-487F-A093-61064AB3BEC1}.Release|Any CPU.ActiveCfg = Release|Any CPU
		{F43328D4-DC84-487F-A093-61064AB3BEC1}.Release|Any CPU.Build.0 = Release|Any CPU
		{06273861-28EF-4575-B189-8CAE46636149}.Debug|Any CPU.ActiveCfg = Debug|Any CPU
		{06273861-28EF-4575-B189-8CAE46636149}.Debug|Any CPU.Build.0 = Debug|Any CPU
		{06273861-28EF-4575-B189-8CAE46636149}.Release|Any CPU.ActiveCfg = Release|Any CPU
		{06273861-28EF-4575-B189-8CAE46636149}.Release|Any CPU.Build.0 = Release|Any CPU
	EndGlobalSection
EndGlobal
